PODS:
  - Flutter (1.0.0)
  - quick_actions (0.0.1):
    - Flutter

DEPENDENCIES:
  - Flutter (from `Flutter`)
  - quick_actions (from `.symlinks/plugins/quick_actions/ios`)

EXTERNAL SOURCES:
  Flutter:
    :path: Flutter
  quick_actions:
    :path: ".symlinks/plugins/quick_actions/ios"

SPEC CHECKSUMS:
  Flutter: 0e3d915762c693b495b44d77113d4970485de6ec
  quick_actions: 6cb2390c4dab0e737c94573c27e18d9666710720

PODFILE CHECKSUM: aafe91acc616949ddb318b77800a7f51bffa2a4c

COCOAPODS: 1.9.3
